
Microsoft Visual Studio Solution File, Format Version 12.00
# Visual Studio Version 17
VisualStudioVersion = 17.8.34227.203
MinimumVisualStudioVersion = 10.0.40219.1
Project("{2150E333-8FDC-42A3-9474-1A3956D46DE8}") = "Source", "Source", "{5B1A43C9-4408-4028-AA8F-651FEC793135}"
EndProject
Project("{2150E333-8FDC-42A3-9474-1A3956D46DE8}") = "Backend", "Backend", "{594F9BE2-2666-4C53-B37F-23604D7A7F43}"
EndProject
Project("{2150E333-8FDC-42A3-9474-1A3956D46DE8}") = "Platforms", "Platforms", "{46D7B884-40C7-49F6-9EEB-46E336142CA9}"
EndProject
Project("{2150E333-8FDC-42A3-9474-1A3956D46DE8}") = "Solution Items", "Solution Items", "{C44FABC1-A33F-49DA-840E-7CD35A697FD0}"
	ProjectSection(SolutionItems) = preProject
		Itspecialist\.gitignore = Itspecialist\.gitignore
		Itspecialist\Directory.Build.props = Itspecialist\Directory.Build.props
		ReadME.md = ReadME.md
		solution-config.props = solution-config.props
	EndProjectSection
EndProject
Project("{2150E333-8FDC-42A3-9474-1A3956D46DE8}") = "Modules", "Modules", "{F29639A8-EDD7-4051-90E4-F3994B30EA5D}"
EndProject
Project("{2150E333-8FDC-42A3-9474-1A3956D46DE8}") = "ModuleAccount", "ModuleAccount", "{3DFAF55C-CF89-41C0-8366-ADCD405B34F0}"
EndProject
Project("{2150E333-8FDC-42A3-9474-1A3956D46DE8}") = "Uno", "Uno", "{E815245D-D501-41D2-B121-274079766292}"
EndProject
Project("{2150E333-8FDC-42A3-9474-1A3956D46DE8}") = "Shared", "Shared", "{AE8CAE07-31F0-455E-8BF3-97C8B55719C3}"
EndProject
Project("{9A19103F-16F7-4668-BE54-9A1E7A4F7556}") = "ModuleAccount.Contracts", "Itspecialist\Uno\Modules\ModuleAccount\ModuleAccount.Contracts\ModuleAccount.Contracts.csproj", "{6947EECD-DDE9-4920-9D5D-AEF277FFFCBA}"
EndProject
Project("{9A19103F-16F7-4668-BE54-9A1E7A4F7556}") = "ModuleAccounts.Views.Uno", "Itspecialist\Uno\Modules\ModuleAccount\ModuleAccounts.Views.Uno\ModuleAccounts.Views.Uno.csproj", "{F2F80D11-8E4E-408A-B22E-E6402E06CDE7}"
EndProject
Project("{9A19103F-16F7-4668-BE54-9A1E7A4F7556}") = "Itspecialist.Base", "Itspecialist\Uno\Shared\Itspecialist.Base\Itspecialist.Base.csproj", "{3383C0D4-01D7-465E-9F67-FBDC03D8B143}"
EndProject
Project("{9A19103F-16F7-4668-BE54-9A1E7A4F7556}") = "Itspecialist", "Itspecialist\Uno\Shared\Itspecialist\Itspecialist.csproj", "{ED964EC6-6AE1-443A-BD6C-51D47C2FBC56}"
EndProject
Project("{9A19103F-16F7-4668-BE54-9A1E7A4F7556}") = "Itspecialist.Windows", "Itspecialist\Uno\Platforms\Itspecialist.Windows\Itspecialist.Windows.csproj", "{A945F8D4-3724-40CE-B428-4D7007F6395D}"
EndProject
Project("{9A19103F-16F7-4668-BE54-9A1E7A4F7556}") = "Itspecialist.Server", "Itspecialist\Backend\Itspecialist.Server\Itspecialist.Server.csproj", "{399564B8-146C-4320-87A8-0B6A1F94F479}"
EndProject
Project("{2150E333-8FDC-42A3-9474-1A3956D46DE8}") = "Submodules", "Submodules", "{462F4FD2-AE40-4585-B9B9-91191F077B61}"
EndProject
Project("{2150E333-8FDC-42A3-9474-1A3956D46DE8}") = "CodeGen", "CodeGen", "{599044F1-638D-48F9-BAB5-8AA0F2A4154C}"
EndProject
Project("{9A19103F-16F7-4668-BE54-9A1E7A4F7556}") = "Codelisk.GeneratorAttributes", "Itspecialist\Submodules\CodeGen\src\Common\Codelisk.GeneratorAttributes\Codelisk.GeneratorAttributes.csproj", "{2D2B3711-7997-4186-953E-489A05B21149}"
EndProject
Project("{9A19103F-16F7-4668-BE54-9A1E7A4F7556}") = "Foundation", "Itspecialist\Submodules\CodeGen\src\Common\Foundation\Foundation.csproj", "{7BDB237D-E5B2-43F3-B26E-951D0E3B9246}"
EndProject
Project("{9A19103F-16F7-4668-BE54-9A1E7A4F7556}") = "Shared", "Itspecialist\Submodules\CodeGen\src\Common\Shared\Shared.csproj", "{C13D0669-42DA-4C80-9772-47AE630DA9C3}"
EndProject
Project("{9A19103F-16F7-4668-BE54-9A1E7A4F7556}") = "Foundation.Crawler", "Itspecialist\Submodules\CodeGen\src\GeneratorHelper\Foundation.Crawler\Foundation.Crawler.csproj", "{F0CC41B5-17A2-4BF1-8AAC-89ED29BD834F}"
EndProject
Project("{9A19103F-16F7-4668-BE54-9A1E7A4F7556}") = "Generators.Base", "Itspecialist\Submodules\CodeGen\src\GeneratorHelper\Generators.Base\Generators.Base.csproj", "{54D958DF-58D3-4D4F-93B9-8BF4EFFDBA90}"
EndProject
Project("{9A19103F-16F7-4668-BE54-9A1E7A4F7556}") = "Api.Generator", "Itspecialist\Submodules\CodeGen\src\Generators\Api\Api.Generator\Api.Generator.csproj", "{04063AAA-A0F3-40C6-8FE6-BAFDA391CAC6}"
EndProject
Project("{9A19103F-16F7-4668-BE54-9A1E7A4F7556}") = "Codelisk.Api.RefitApis.Generator", "Itspecialist\Submodules\CodeGen\src\Generators\Api\Codelisk.Api.RefitApis.Generator\Codelisk.Api.RefitApis.Generator.csproj", "{8140E2BF-839C-419E-A3CF-1E92F3392090}"
EndProject
Project("{9A19103F-16F7-4668-BE54-9A1E7A4F7556}") = "Codelisk.Controller.Generator", "Itspecialist\Submodules\CodeGen\src\Generators\Web\Codelisk.Controller.Generator\Codelisk.Controller.Generator.csproj", "{07A25A24-80DF-4148-A5D1-1F886650E86A}"
EndProject
Project("{9A19103F-16F7-4668-BE54-9A1E7A4F7556}") = "WebAutoMapperProfile.Generator", "Itspecialist\Submodules\CodeGen\src\Generators\Web\WebAutoMapperProfile.Generator\WebAutoMapperProfile.Generator.csproj", "{35C566DE-400C-4847-8600-1743F5286D29}"
EndProject
Project("{9A19103F-16F7-4668-BE54-9A1E7A4F7556}") = "WebDbContext.Generator", "Itspecialist\Submodules\CodeGen\src\Generators\Web\WebDbContext.Generator\WebDbContext.Generator.csproj", "{053095EA-7603-488D-AE2E-792B12E8D64C}"
EndProject
Project("{9A19103F-16F7-4668-BE54-9A1E7A4F7556}") = "WebGenerator.Base", "Itspecialist\Submodules\CodeGen\src\Generators\Web\WebGenerator.Base\WebGenerator.Base.csproj", "{C3418006-D16B-4F4B-A4D8-1BFF0FDEE539}"
EndProject
Project("{9A19103F-16F7-4668-BE54-9A1E7A4F7556}") = "WebManager.Contract.Generator", "Itspecialist\Submodules\CodeGen\src\Generators\Web\WebManager.Contract.Generator\WebManager.Contract.Generator.csproj", "{CF6BAD45-68B3-48CA-BDD0-AF06F0FEF1F1}"
EndProject
Project("{9A19103F-16F7-4668-BE54-9A1E7A4F7556}") = "WebManager.Generator", "Itspecialist\Submodules\CodeGen\src\Generators\Web\WebManager.Generator\WebManager.Generator.csproj", "{B60647FA-17F7-403C-9C9B-F43CBC9CDE07}"
EndProject
Project("{9A19103F-16F7-4668-BE54-9A1E7A4F7556}") = "WebRepositories.Contract.Generator", "Itspecialist\Submodules\CodeGen\src\Generators\Web\WebRepositories.Contract.Generator\WebRepositories.Contract.Generator.csproj", "{4305BE02-5CAA-44D5-B305-0941896AFAF8}"
EndProject
Project("{9A19103F-16F7-4668-BE54-9A1E7A4F7556}") = "WebRepositories.Generator", "Itspecialist\Submodules\CodeGen\src\Generators\Web\WebRepositories.Generator\WebRepositories.Generator.csproj", "{25BCEB6E-A717-42F9-A09A-C5D6887999BF}"
EndProject
Project("{9A19103F-16F7-4668-BE54-9A1E7A4F7556}") = "Foundation.Api", "Itspecialist\Submodules\CodeGen\src\Samples\Api\Foundation.Api\Foundation.Api.csproj", "{3EC0046A-596D-4C78-ABD9-C2FE66308579}"
EndProject
Project("{9A19103F-16F7-4668-BE54-9A1E7A4F7556}") = "Codelisk.AutoFilterer", "Itspecialist\Submodules\CodeGen\src\Submodules\AutoFilterer\src\AutoFilterer\Codelisk.AutoFilterer.csproj", "{2861F41A-FEEE-4C62-8653-7598F7607797}"
EndProject
Project("{9A19103F-16F7-4668-BE54-9A1E7A4F7556}") = "AutoFilterer.Dynamics", "Itspecialist\Submodules\CodeGen\src\Submodules\AutoFilterer\src\AutoFilterer.Dynamics\AutoFilterer.Dynamics.csproj", "{FA983EF7-AC14-4588-BB94-93BBE4E8C878}"
EndProject
Project("{9A19103F-16F7-4668-BE54-9A1E7A4F7556}") = "Codelisk.AutoFilterer.Generators", "Itspecialist\Submodules\CodeGen\src\Submodules\AutoFilterer\src\AutoFilterer.Generators\Codelisk.AutoFilterer.Generators.csproj", "{59487848-9876-4682-B814-D0A1423B8363}"
EndProject
Project("{9A19103F-16F7-4668-BE54-9A1E7A4F7556}") = "AutoFilterer.Swagger", "Itspecialist\Submodules\CodeGen\src\Submodules\AutoFilterer\src\AutoFilterer.Swagger\AutoFilterer.Swagger.csproj", "{412A0CDC-8F28-4698-9532-E8E5C83184C3}"
EndProject
Project("{9A19103F-16F7-4668-BE54-9A1E7A4F7556}") = "Codelisk.AutoRegisterInject.Generator", "Itspecialist\Submodules\CodeGen\src\Submodules\AutoRegisterInject\src\AutoRegisterInject\Codelisk.AutoRegisterInject.Generator.csproj", "{2D0FC220-14EB-4285-B071-DFB3A2D0CA7F}"
EndProject
Project("{9A19103F-16F7-4668-BE54-9A1E7A4F7556}") = "Itspecialist.Controller", "Itspecialist\Backend\Itspecialist.Controller\Itspecialist.Controller.csproj", "{B26DF336-01A1-4523-8C0D-847DF922B4EE}"
EndProject
Project("{9A19103F-16F7-4668-BE54-9A1E7A4F7556}") = "Itspecialist.Database", "Itspecialist\Backend\Itspecialist.Database\Itspecialist.Database.csproj", "{1AE074DE-B099-4BB1-88B5-636265F4BBEE}"
EndProject
Project("{9A19103F-16F7-4668-BE54-9A1E7A4F7556}") = "Itspecialist.Managers", "Itspecialist\Backend\Itspecialist.Managers\Itspecialist.Managers.csproj", "{723AB743-E76C-4546-AA09-E52575E2A034}"
EndProject
Project("{9A19103F-16F7-4668-BE54-9A1E7A4F7556}") = "Itspecialist.Repositories", "Itspecialist\Backend\Itspecialist.Repositories\Itspecialist.Repositories.csproj", "{D09C2A54-8079-41C8-B2A7-3B022A1675BF}"
EndProject
Project("{2150E333-8FDC-42A3-9474-1A3956D46DE8}") = "Shared", "Shared", "{898FA8E1-110E-4257-8297-0B0B2B5E9E5E}"
EndProject
Project("{9A19103F-16F7-4668-BE54-9A1E7A4F7556}") = "Itspecialist.Foundation", "Itspecialist\Shared\Itspecialist.Foundation\Itspecialist.Foundation.csproj", "{3B2D131C-38F9-4648-9999-C5E86206E445}"
EndProject
Project("{2150E333-8FDC-42A3-9474-1A3956D46DE8}") = "Backend", "Backend", "{991A185B-FF65-4729-A441-02D34F5D2F1B}"
	ProjectSection(SolutionItems) = preProject
		Itspecialist\Backend\Directory.Build.targets = Itspecialist\Backend\Directory.Build.targets
		Itspecialist\Backend\Directory.Packages.props = Itspecialist\Backend\Directory.Packages.props
	EndProjectSection
EndProject
Project("{2150E333-8FDC-42A3-9474-1A3956D46DE8}") = "Uno", "Uno", "{4D4FF5ED-50F5-44DA-AC7F-2182A8C3115F}"
	ProjectSection(SolutionItems) = preProject
		Itspecialist\Uno\Directory.Build.props = Itspecialist\Uno\Directory.Build.props
		Itspecialist\Uno\Directory.Build.targets = Itspecialist\Uno\Directory.Build.targets
		Itspecialist\Uno\Directory.Packages.props = Itspecialist\Uno\Directory.Packages.props
	EndProjectSection
EndProject
Global
	GlobalSection(SolutionConfigurationPlatforms) = preSolution
		Debug|Any CPU = Debug|Any CPU
		Debug|arm64 = Debug|arm64
		Debug|x64 = Debug|x64
		Debug|x86 = Debug|x86
		Release|Any CPU = Release|Any CPU
		Release|arm64 = Release|arm64
		Release|x64 = Release|x64
		Release|x86 = Release|x86
	EndGlobalSection
	GlobalSection(ProjectConfigurationPlatforms) = postSolution
		{6947EECD-DDE9-4920-9D5D-AEF277FFFCBA}.Debug|Any CPU.ActiveCfg = Debug|Any CPU
		{6947EECD-DDE9-4920-9D5D-AEF277FFFCBA}.Debug|Any CPU.Build.0 = Debug|Any CPU
		{6947EECD-DDE9-4920-9D5D-AEF277FFFCBA}.Debug|arm64.ActiveCfg = Debug|Any CPU
		{6947EECD-DDE9-4920-9D5D-AEF277FFFCBA}.Debug|arm64.Build.0 = Debug|Any CPU
		{6947EECD-DDE9-4920-9D5D-AEF277FFFCBA}.Debug|x64.ActiveCfg = Debug|Any CPU
		{6947EECD-DDE9-4920-9D5D-AEF277FFFCBA}.Debug|x64.Build.0 = Debug|Any CPU
		{6947EECD-DDE9-4920-9D5D-AEF277FFFCBA}.Debug|x86.ActiveCfg = Debug|Any CPU
		{6947EECD-DDE9-4920-9D5D-AEF277FFFCBA}.Debug|x86.Build.0 = Debug|Any CPU
		{6947EECD-DDE9-4920-9D5D-AEF277FFFCBA}.Release|Any CPU.ActiveCfg = Release|Any CPU
		{6947EECD-DDE9-4920-9D5D-AEF277FFFCBA}.Release|Any CPU.Build.0 = Release|Any CPU
		{6947EECD-DDE9-4920-9D5D-AEF277FFFCBA}.Release|arm64.ActiveCfg = Release|Any CPU
		{6947EECD-DDE9-4920-9D5D-AEF277FFFCBA}.Release|arm64.Build.0 = Release|Any CPU
		{6947EECD-DDE9-4920-9D5D-AEF277FFFCBA}.Release|x64.ActiveCfg = Release|Any CPU
		{6947EECD-DDE9-4920-9D5D-AEF277FFFCBA}.Release|x64.Build.0 = Release|Any CPU
		{6947EECD-DDE9-4920-9D5D-AEF277FFFCBA}.Release|x86.ActiveCfg = Release|Any CPU
		{6947EECD-DDE9-4920-9D5D-AEF277FFFCBA}.Release|x86.Build.0 = Release|Any CPU
		{F2F80D11-8E4E-408A-B22E-E6402E06CDE7}.Debug|Any CPU.ActiveCfg = Debug|Any CPU
		{F2F80D11-8E4E-408A-B22E-E6402E06CDE7}.Debug|Any CPU.Build.0 = Debug|Any CPU
		{F2F80D11-8E4E-408A-B22E-E6402E06CDE7}.Debug|arm64.ActiveCfg = Debug|Any CPU
		{F2F80D11-8E4E-408A-B22E-E6402E06CDE7}.Debug|arm64.Build.0 = Debug|Any CPU
		{F2F80D11-8E4E-408A-B22E-E6402E06CDE7}.Debug|x64.ActiveCfg = Debug|Any CPU
		{F2F80D11-8E4E-408A-B22E-E6402E06CDE7}.Debug|x64.Build.0 = Debug|Any CPU
		{F2F80D11-8E4E-408A-B22E-E6402E06CDE7}.Debug|x86.ActiveCfg = Debug|Any CPU
		{F2F80D11-8E4E-408A-B22E-E6402E06CDE7}.Debug|x86.Build.0 = Debug|Any CPU
		{F2F80D11-8E4E-408A-B22E-E6402E06CDE7}.Release|Any CPU.ActiveCfg = Release|Any CPU
		{F2F80D11-8E4E-408A-B22E-E6402E06CDE7}.Release|Any CPU.Build.0 = Release|Any CPU
		{F2F80D11-8E4E-408A-B22E-E6402E06CDE7}.Release|arm64.ActiveCfg = Release|Any CPU
		{F2F80D11-8E4E-408A-B22E-E6402E06CDE7}.Release|arm64.Build.0 = Release|Any CPU
		{F2F80D11-8E4E-408A-B22E-E6402E06CDE7}.Release|x64.ActiveCfg = Release|Any CPU
		{F2F80D11-8E4E-408A-B22E-E6402E06CDE7}.Release|x64.Build.0 = Release|Any CPU
		{F2F80D11-8E4E-408A-B22E-E6402E06CDE7}.Release|x86.ActiveCfg = Release|Any CPU
		{F2F80D11-8E4E-408A-B22E-E6402E06CDE7}.Release|x86.Build.0 = Release|Any CPU
		{3383C0D4-01D7-465E-9F67-FBDC03D8B143}.Debug|Any CPU.ActiveCfg = Debug|Any CPU
		{3383C0D4-01D7-465E-9F67-FBDC03D8B143}.Debug|Any CPU.Build.0 = Debug|Any CPU
		{3383C0D4-01D7-465E-9F67-FBDC03D8B143}.Debug|arm64.ActiveCfg = Debug|Any CPU
		{3383C0D4-01D7-465E-9F67-FBDC03D8B143}.Debug|arm64.Build.0 = Debug|Any CPU
		{3383C0D4-01D7-465E-9F67-FBDC03D8B143}.Debug|x64.ActiveCfg = Debug|Any CPU
		{3383C0D4-01D7-465E-9F67-FBDC03D8B143}.Debug|x64.Build.0 = Debug|Any CPU
		{3383C0D4-01D7-465E-9F67-FBDC03D8B143}.Debug|x86.ActiveCfg = Debug|Any CPU
		{3383C0D4-01D7-465E-9F67-FBDC03D8B143}.Debug|x86.Build.0 = Debug|Any CPU
		{3383C0D4-01D7-465E-9F67-FBDC03D8B143}.Release|Any CPU.ActiveCfg = Release|Any CPU
		{3383C0D4-01D7-465E-9F67-FBDC03D8B143}.Release|Any CPU.Build.0 = Release|Any CPU
		{3383C0D4-01D7-465E-9F67-FBDC03D8B143}.Release|arm64.ActiveCfg = Release|Any CPU
		{3383C0D4-01D7-465E-9F67-FBDC03D8B143}.Release|arm64.Build.0 = Release|Any CPU
		{3383C0D4-01D7-465E-9F67-FBDC03D8B143}.Release|x64.ActiveCfg = Release|Any CPU
		{3383C0D4-01D7-465E-9F67-FBDC03D8B143}.Release|x64.Build.0 = Release|Any CPU
		{3383C0D4-01D7-465E-9F67-FBDC03D8B143}.Release|x86.ActiveCfg = Release|Any CPU
		{3383C0D4-01D7-465E-9F67-FBDC03D8B143}.Release|x86.Build.0 = Release|Any CPU
		{ED964EC6-6AE1-443A-BD6C-51D47C2FBC56}.Debug|Any CPU.ActiveCfg = Debug|Any CPU
		{ED964EC6-6AE1-443A-BD6C-51D47C2FBC56}.Debug|Any CPU.Build.0 = Debug|Any CPU
		{ED964EC6-6AE1-443A-BD6C-51D47C2FBC56}.Debug|arm64.ActiveCfg = Debug|Any CPU
		{ED964EC6-6AE1-443A-BD6C-51D47C2FBC56}.Debug|arm64.Build.0 = Debug|Any CPU
		{ED964EC6-6AE1-443A-BD6C-51D47C2FBC56}.Debug|x64.ActiveCfg = Debug|Any CPU
		{ED964EC6-6AE1-443A-BD6C-51D47C2FBC56}.Debug|x64.Build.0 = Debug|Any CPU
		{ED964EC6-6AE1-443A-BD6C-51D47C2FBC56}.Debug|x86.ActiveCfg = Debug|Any CPU
		{ED964EC6-6AE1-443A-BD6C-51D47C2FBC56}.Debug|x86.Build.0 = Debug|Any CPU
		{ED964EC6-6AE1-443A-BD6C-51D47C2FBC56}.Release|Any CPU.ActiveCfg = Release|Any CPU
		{ED964EC6-6AE1-443A-BD6C-51D47C2FBC56}.Release|Any CPU.Build.0 = Release|Any CPU
		{ED964EC6-6AE1-443A-BD6C-51D47C2FBC56}.Release|arm64.ActiveCfg = Release|Any CPU
		{ED964EC6-6AE1-443A-BD6C-51D47C2FBC56}.Release|arm64.Build.0 = Release|Any CPU
		{ED964EC6-6AE1-443A-BD6C-51D47C2FBC56}.Release|x64.ActiveCfg = Release|Any CPU
		{ED964EC6-6AE1-443A-BD6C-51D47C2FBC56}.Release|x64.Build.0 = Release|Any CPU
		{ED964EC6-6AE1-443A-BD6C-51D47C2FBC56}.Release|x86.ActiveCfg = Release|Any CPU
		{ED964EC6-6AE1-443A-BD6C-51D47C2FBC56}.Release|x86.Build.0 = Release|Any CPU
		{A945F8D4-3724-40CE-B428-4D7007F6395D}.Debug|Any CPU.ActiveCfg = Debug|x64
		{A945F8D4-3724-40CE-B428-4D7007F6395D}.Debug|Any CPU.Build.0 = Debug|x64
		{A945F8D4-3724-40CE-B428-4D7007F6395D}.Debug|arm64.ActiveCfg = Debug|arm64
		{A945F8D4-3724-40CE-B428-4D7007F6395D}.Debug|arm64.Build.0 = Debug|arm64
		{A945F8D4-3724-40CE-B428-4D7007F6395D}.Debug|x64.ActiveCfg = Debug|x64
		{A945F8D4-3724-40CE-B428-4D7007F6395D}.Debug|x64.Build.0 = Debug|x64
		{A945F8D4-3724-40CE-B428-4D7007F6395D}.Debug|x86.ActiveCfg = Debug|x86
		{A945F8D4-3724-40CE-B428-4D7007F6395D}.Debug|x86.Build.0 = Debug|x86
		{A945F8D4-3724-40CE-B428-4D7007F6395D}.Release|Any CPU.ActiveCfg = Release|x64
		{A945F8D4-3724-40CE-B428-4D7007F6395D}.Release|Any CPU.Build.0 = Release|x64
		{A945F8D4-3724-40CE-B428-4D7007F6395D}.Release|arm64.ActiveCfg = Release|arm64
		{A945F8D4-3724-40CE-B428-4D7007F6395D}.Release|arm64.Build.0 = Release|arm64
		{A945F8D4-3724-40CE-B428-4D7007F6395D}.Release|x64.ActiveCfg = Release|x64
		{A945F8D4-3724-40CE-B428-4D7007F6395D}.Release|x64.Build.0 = Release|x64
		{A945F8D4-3724-40CE-B428-4D7007F6395D}.Release|x86.ActiveCfg = Release|x86
		{A945F8D4-3724-40CE-B428-4D7007F6395D}.Release|x86.Build.0 = Release|x86
		{399564B8-146C-4320-87A8-0B6A1F94F479}.Debug|Any CPU.ActiveCfg = Debug|Any CPU
		{399564B8-146C-4320-87A8-0B6A1F94F479}.Debug|Any CPU.Build.0 = Debug|Any CPU
		{399564B8-146C-4320-87A8-0B6A1F94F479}.Debug|arm64.ActiveCfg = Debug|Any CPU
		{399564B8-146C-4320-87A8-0B6A1F94F479}.Debug|arm64.Build.0 = Debug|Any CPU
		{399564B8-146C-4320-87A8-0B6A1F94F479}.Debug|x64.ActiveCfg = Debug|Any CPU
		{399564B8-146C-4320-87A8-0B6A1F94F479}.Debug|x64.Build.0 = Debug|Any CPU
		{399564B8-146C-4320-87A8-0B6A1F94F479}.Debug|x86.ActiveCfg = Debug|Any CPU
		{399564B8-146C-4320-87A8-0B6A1F94F479}.Debug|x86.Build.0 = Debug|Any CPU
		{399564B8-146C-4320-87A8-0B6A1F94F479}.Release|Any CPU.ActiveCfg = Release|Any CPU
		{399564B8-146C-4320-87A8-0B6A1F94F479}.Release|Any CPU.Build.0 = Release|Any CPU
		{399564B8-146C-4320-87A8-0B6A1F94F479}.Release|arm64.ActiveCfg = Release|Any CPU
		{399564B8-146C-4320-87A8-0B6A1F94F479}.Release|arm64.Build.0 = Release|Any CPU
		{399564B8-146C-4320-87A8-0B6A1F94F479}.Release|x64.ActiveCfg = Release|Any CPU
		{399564B8-146C-4320-87A8-0B6A1F94F479}.Release|x64.Build.0 = Release|Any CPU
		{399564B8-146C-4320-87A8-0B6A1F94F479}.Release|x86.ActiveCfg = Release|Any CPU
		{399564B8-146C-4320-87A8-0B6A1F94F479}.Release|x86.Build.0 = Release|Any CPU
		{2D2B3711-7997-4186-953E-489A05B21149}.Debug|Any CPU.ActiveCfg = Debug|Any CPU
		{2D2B3711-7997-4186-953E-489A05B21149}.Debug|Any CPU.Build.0 = Debug|Any CPU
		{2D2B3711-7997-4186-953E-489A05B21149}.Debug|arm64.ActiveCfg = Debug|Any CPU
		{2D2B3711-7997-4186-953E-489A05B21149}.Debug|arm64.Build.0 = Debug|Any CPU
		{2D2B3711-7997-4186-953E-489A05B21149}.Debug|x64.ActiveCfg = Debug|Any CPU
		{2D2B3711-7997-4186-953E-489A05B21149}.Debug|x64.Build.0 = Debug|Any CPU
		{2D2B3711-7997-4186-953E-489A05B21149}.Debug|x86.ActiveCfg = Debug|Any CPU
		{2D2B3711-7997-4186-953E-489A05B21149}.Debug|x86.Build.0 = Debug|Any CPU
		{2D2B3711-7997-4186-953E-489A05B21149}.Release|Any CPU.ActiveCfg = Release|Any CPU
		{2D2B3711-7997-4186-953E-489A05B21149}.Release|Any CPU.Build.0 = Release|Any CPU
		{2D2B3711-7997-4186-953E-489A05B21149}.Release|arm64.ActiveCfg = Release|Any CPU
		{2D2B3711-7997-4186-953E-489A05B21149}.Release|arm64.Build.0 = Release|Any CPU
		{2D2B3711-7997-4186-953E-489A05B21149}.Release|x64.ActiveCfg = Release|Any CPU
		{2D2B3711-7997-4186-953E-489A05B21149}.Release|x64.Build.0 = Release|Any CPU
		{2D2B3711-7997-4186-953E-489A05B21149}.Release|x86.ActiveCfg = Release|Any CPU
		{2D2B3711-7997-4186-953E-489A05B21149}.Release|x86.Build.0 = Release|Any CPU
		{7BDB237D-E5B2-43F3-B26E-951D0E3B9246}.Debug|Any CPU.ActiveCfg = Debug|Any CPU
		{7BDB237D-E5B2-43F3-B26E-951D0E3B9246}.Debug|Any CPU.Build.0 = Debug|Any CPU
		{7BDB237D-E5B2-43F3-B26E-951D0E3B9246}.Debug|arm64.ActiveCfg = Debug|Any CPU
		{7BDB237D-E5B2-43F3-B26E-951D0E3B9246}.Debug|arm64.Build.0 = Debug|Any CPU
		{7BDB237D-E5B2-43F3-B26E-951D0E3B9246}.Debug|x64.ActiveCfg = Debug|Any CPU
		{7BDB237D-E5B2-43F3-B26E-951D0E3B9246}.Debug|x64.Build.0 = Debug|Any CPU
		{7BDB237D-E5B2-43F3-B26E-951D0E3B9246}.Debug|x86.ActiveCfg = Debug|Any CPU
		{7BDB237D-E5B2-43F3-B26E-951D0E3B9246}.Debug|x86.Build.0 = Debug|Any CPU
		{7BDB237D-E5B2-43F3-B26E-951D0E3B9246}.Release|Any CPU.ActiveCfg = Release|Any CPU
		{7BDB237D-E5B2-43F3-B26E-951D0E3B9246}.Release|Any CPU.Build.0 = Release|Any CPU
		{7BDB237D-E5B2-43F3-B26E-951D0E3B9246}.Release|arm64.ActiveCfg = Release|Any CPU
		{7BDB237D-E5B2-43F3-B26E-951D0E3B9246}.Release|arm64.Build.0 = Release|Any CPU
		{7BDB237D-E5B2-43F3-B26E-951D0E3B9246}.Release|x64.ActiveCfg = Release|Any CPU
		{7BDB237D-E5B2-43F3-B26E-951D0E3B9246}.Release|x64.Build.0 = Release|Any CPU
		{7BDB237D-E5B2-43F3-B26E-951D0E3B9246}.Release|x86.ActiveCfg = Release|Any CPU
		{7BDB237D-E5B2-43F3-B26E-951D0E3B9246}.Release|x86.Build.0 = Release|Any CPU
		{C13D0669-42DA-4C80-9772-47AE630DA9C3}.Debug|Any CPU.ActiveCfg = Debug|Any CPU
		{C13D0669-42DA-4C80-9772-47AE630DA9C3}.Debug|Any CPU.Build.0 = Debug|Any CPU
		{C13D0669-42DA-4C80-9772-47AE630DA9C3}.Debug|arm64.ActiveCfg = Debug|Any CPU
		{C13D0669-42DA-4C80-9772-47AE630DA9C3}.Debug|arm64.Build.0 = Debug|Any CPU
		{C13D0669-42DA-4C80-9772-47AE630DA9C3}.Debug|x64.ActiveCfg = Debug|Any CPU
		{C13D0669-42DA-4C80-9772-47AE630DA9C3}.Debug|x64.Build.0 = Debug|Any CPU
		{C13D0669-42DA-4C80-9772-47AE630DA9C3}.Debug|x86.ActiveCfg = Debug|Any CPU
		{C13D0669-42DA-4C80-9772-47AE630DA9C3}.Debug|x86.Build.0 = Debug|Any CPU
		{C13D0669-42DA-4C80-9772-47AE630DA9C3}.Release|Any CPU.ActiveCfg = Release|Any CPU
		{C13D0669-42DA-4C80-9772-47AE630DA9C3}.Release|Any CPU.Build.0 = Release|Any CPU
		{C13D0669-42DA-4C80-9772-47AE630DA9C3}.Release|arm64.ActiveCfg = Release|Any CPU
		{C13D0669-42DA-4C80-9772-47AE630DA9C3}.Release|arm64.Build.0 = Release|Any CPU
		{C13D0669-42DA-4C80-9772-47AE630DA9C3}.Release|x64.ActiveCfg = Release|Any CPU
		{C13D0669-42DA-4C80-9772-47AE630DA9C3}.Release|x64.Build.0 = Release|Any CPU
		{C13D0669-42DA-4C80-9772-47AE630DA9C3}.Release|x86.ActiveCfg = Release|Any CPU
		{C13D0669-42DA-4C80-9772-47AE630DA9C3}.Release|x86.Build.0 = Release|Any CPU
		{F0CC41B5-17A2-4BF1-8AAC-89ED29BD834F}.Debug|Any CPU.ActiveCfg = Debug|Any CPU
		{F0CC41B5-17A2-4BF1-8AAC-89ED29BD834F}.Debug|Any CPU.Build.0 = Debug|Any CPU
		{F0CC41B5-17A2-4BF1-8AAC-89ED29BD834F}.Debug|arm64.ActiveCfg = Debug|Any CPU
		{F0CC41B5-17A2-4BF1-8AAC-89ED29BD834F}.Debug|arm64.Build.0 = Debug|Any CPU
		{F0CC41B5-17A2-4BF1-8AAC-89ED29BD834F}.Debug|x64.ActiveCfg = Debug|Any CPU
		{F0CC41B5-17A2-4BF1-8AAC-89ED29BD834F}.Debug|x64.Build.0 = Debug|Any CPU
		{F0CC41B5-17A2-4BF1-8AAC-89ED29BD834F}.Debug|x86.ActiveCfg = Debug|Any CPU
		{F0CC41B5-17A2-4BF1-8AAC-89ED29BD834F}.Debug|x86.Build.0 = Debug|Any CPU
		{F0CC41B5-17A2-4BF1-8AAC-89ED29BD834F}.Release|Any CPU.ActiveCfg = Release|Any CPU
		{F0CC41B5-17A2-4BF1-8AAC-89ED29BD834F}.Release|Any CPU.Build.0 = Release|Any CPU
		{F0CC41B5-17A2-4BF1-8AAC-89ED29BD834F}.Release|arm64.ActiveCfg = Release|Any CPU
		{F0CC41B5-17A2-4BF1-8AAC-89ED29BD834F}.Release|arm64.Build.0 = Release|Any CPU
		{F0CC41B5-17A2-4BF1-8AAC-89ED29BD834F}.Release|x64.ActiveCfg = Release|Any CPU
		{F0CC41B5-17A2-4BF1-8AAC-89ED29BD834F}.Release|x64.Build.0 = Release|Any CPU
		{F0CC41B5-17A2-4BF1-8AAC-89ED29BD834F}.Release|x86.ActiveCfg = Release|Any CPU
		{F0CC41B5-17A2-4BF1-8AAC-89ED29BD834F}.Release|x86.Build.0 = Release|Any CPU
		{54D958DF-58D3-4D4F-93B9-8BF4EFFDBA90}.Debug|Any CPU.ActiveCfg = Debug|Any CPU
		{54D958DF-58D3-4D4F-93B9-8BF4EFFDBA90}.Debug|Any CPU.Build.0 = Debug|Any CPU
		{54D958DF-58D3-4D4F-93B9-8BF4EFFDBA90}.Debug|arm64.ActiveCfg = Debug|Any CPU
		{54D958DF-58D3-4D4F-93B9-8BF4EFFDBA90}.Debug|arm64.Build.0 = Debug|Any CPU
		{54D958DF-58D3-4D4F-93B9-8BF4EFFDBA90}.Debug|x64.ActiveCfg = Debug|Any CPU
		{54D958DF-58D3-4D4F-93B9-8BF4EFFDBA90}.Debug|x64.Build.0 = Debug|Any CPU
		{54D958DF-58D3-4D4F-93B9-8BF4EFFDBA90}.Debug|x86.ActiveCfg = Debug|Any CPU
		{54D958DF-58D3-4D4F-93B9-8BF4EFFDBA90}.Debug|x86.Build.0 = Debug|Any CPU
		{54D958DF-58D3-4D4F-93B9-8BF4EFFDBA90}.Release|Any CPU.ActiveCfg = Release|Any CPU
		{54D958DF-58D3-4D4F-93B9-8BF4EFFDBA90}.Release|Any CPU.Build.0 = Release|Any CPU
		{54D958DF-58D3-4D4F-93B9-8BF4EFFDBA90}.Release|arm64.ActiveCfg = Release|Any CPU
		{54D958DF-58D3-4D4F-93B9-8BF4EFFDBA90}.Release|arm64.Build.0 = Release|Any CPU
		{54D958DF-58D3-4D4F-93B9-8BF4EFFDBA90}.Release|x64.ActiveCfg = Release|Any CPU
		{54D958DF-58D3-4D4F-93B9-8BF4EFFDBA90}.Release|x64.Build.0 = Release|Any CPU
		{54D958DF-58D3-4D4F-93B9-8BF4EFFDBA90}.Release|x86.ActiveCfg = Release|Any CPU
		{54D958DF-58D3-4D4F-93B9-8BF4EFFDBA90}.Release|x86.Build.0 = Release|Any CPU
		{04063AAA-A0F3-40C6-8FE6-BAFDA391CAC6}.Debug|Any CPU.ActiveCfg = Debug|Any CPU
		{04063AAA-A0F3-40C6-8FE6-BAFDA391CAC6}.Debug|Any CPU.Build.0 = Debug|Any CPU
		{04063AAA-A0F3-40C6-8FE6-BAFDA391CAC6}.Debug|arm64.ActiveCfg = Debug|Any CPU
		{04063AAA-A0F3-40C6-8FE6-BAFDA391CAC6}.Debug|arm64.Build.0 = Debug|Any CPU
		{04063AAA-A0F3-40C6-8FE6-BAFDA391CAC6}.Debug|x64.ActiveCfg = Debug|Any CPU
		{04063AAA-A0F3-40C6-8FE6-BAFDA391CAC6}.Debug|x64.Build.0 = Debug|Any CPU
		{04063AAA-A0F3-40C6-8FE6-BAFDA391CAC6}.Debug|x86.ActiveCfg = Debug|Any CPU
		{04063AAA-A0F3-40C6-8FE6-BAFDA391CAC6}.Debug|x86.Build.0 = Debug|Any CPU
		{04063AAA-A0F3-40C6-8FE6-BAFDA391CAC6}.Release|Any CPU.ActiveCfg = Release|Any CPU
		{04063AAA-A0F3-40C6-8FE6-BAFDA391CAC6}.Release|Any CPU.Build.0 = Release|Any CPU
		{04063AAA-A0F3-40C6-8FE6-BAFDA391CAC6}.Release|arm64.ActiveCfg = Release|Any CPU
		{04063AAA-A0F3-40C6-8FE6-BAFDA391CAC6}.Release|arm64.Build.0 = Release|Any CPU
		{04063AAA-A0F3-40C6-8FE6-BAFDA391CAC6}.Release|x64.ActiveCfg = Release|Any CPU
		{04063AAA-A0F3-40C6-8FE6-BAFDA391CAC6}.Release|x64.Build.0 = Release|Any CPU
		{04063AAA-A0F3-40C6-8FE6-BAFDA391CAC6}.Release|x86.ActiveCfg = Release|Any CPU
		{04063AAA-A0F3-40C6-8FE6-BAFDA391CAC6}.Release|x86.Build.0 = Release|Any CPU
		{8140E2BF-839C-419E-A3CF-1E92F3392090}.Debug|Any CPU.ActiveCfg = Debug|Any CPU
		{8140E2BF-839C-419E-A3CF-1E92F3392090}.Debug|Any CPU.Build.0 = Debug|Any CPU
		{8140E2BF-839C-419E-A3CF-1E92F3392090}.Debug|arm64.ActiveCfg = Debug|Any CPU
		{8140E2BF-839C-419E-A3CF-1E92F3392090}.Debug|arm64.Build.0 = Debug|Any CPU
		{8140E2BF-839C-419E-A3CF-1E92F3392090}.Debug|x64.ActiveCfg = Debug|Any CPU
		{8140E2BF-839C-419E-A3CF-1E92F3392090}.Debug|x64.Build.0 = Debug|Any CPU
		{8140E2BF-839C-419E-A3CF-1E92F3392090}.Debug|x86.ActiveCfg = Debug|Any CPU
		{8140E2BF-839C-419E-A3CF-1E92F3392090}.Debug|x86.Build.0 = Debug|Any CPU
		{8140E2BF-839C-419E-A3CF-1E92F3392090}.Release|Any CPU.ActiveCfg = Release|Any CPU
		{8140E2BF-839C-419E-A3CF-1E92F3392090}.Release|Any CPU.Build.0 = Release|Any CPU
		{8140E2BF-839C-419E-A3CF-1E92F3392090}.Release|arm64.ActiveCfg = Release|Any CPU
		{8140E2BF-839C-419E-A3CF-1E92F3392090}.Release|arm64.Build.0 = Release|Any CPU
		{8140E2BF-839C-419E-A3CF-1E92F3392090}.Release|x64.ActiveCfg = Release|Any CPU
		{8140E2BF-839C-419E-A3CF-1E92F3392090}.Release|x64.Build.0 = Release|Any CPU
		{8140E2BF-839C-419E-A3CF-1E92F3392090}.Release|x86.ActiveCfg = Release|Any CPU
		{8140E2BF-839C-419E-A3CF-1E92F3392090}.Release|x86.Build.0 = Release|Any CPU
		{07A25A24-80DF-4148-A5D1-1F886650E86A}.Debug|Any CPU.ActiveCfg = Debug|Any CPU
		{07A25A24-80DF-4148-A5D1-1F886650E86A}.Debug|Any CPU.Build.0 = Debug|Any CPU
		{07A25A24-80DF-4148-A5D1-1F886650E86A}.Debug|arm64.ActiveCfg = Debug|Any CPU
		{07A25A24-80DF-4148-A5D1-1F886650E86A}.Debug|arm64.Build.0 = Debug|Any CPU
		{07A25A24-80DF-4148-A5D1-1F886650E86A}.Debug|x64.ActiveCfg = Debug|Any CPU
		{07A25A24-80DF-4148-A5D1-1F886650E86A}.Debug|x64.Build.0 = Debug|Any CPU
		{07A25A24-80DF-4148-A5D1-1F886650E86A}.Debug|x86.ActiveCfg = Debug|Any CPU
		{07A25A24-80DF-4148-A5D1-1F886650E86A}.Debug|x86.Build.0 = Debug|Any CPU
		{07A25A24-80DF-4148-A5D1-1F886650E86A}.Release|Any CPU.ActiveCfg = Release|Any CPU
		{07A25A24-80DF-4148-A5D1-1F886650E86A}.Release|Any CPU.Build.0 = Release|Any CPU
		{07A25A24-80DF-4148-A5D1-1F886650E86A}.Release|arm64.ActiveCfg = Release|Any CPU
		{07A25A24-80DF-4148-A5D1-1F886650E86A}.Release|arm64.Build.0 = Release|Any CPU
		{07A25A24-80DF-4148-A5D1-1F886650E86A}.Release|x64.ActiveCfg = Release|Any CPU
		{07A25A24-80DF-4148-A5D1-1F886650E86A}.Release|x64.Build.0 = Release|Any CPU
		{07A25A24-80DF-4148-A5D1-1F886650E86A}.Release|x86.ActiveCfg = Release|Any CPU
		{07A25A24-80DF-4148-A5D1-1F886650E86A}.Release|x86.Build.0 = Release|Any CPU
		{35C566DE-400C-4847-8600-1743F5286D29}.Debug|Any CPU.ActiveCfg = Debug|Any CPU
		{35C566DE-400C-4847-8600-1743F5286D29}.Debug|Any CPU.Build.0 = Debug|Any CPU
		{35C566DE-400C-4847-8600-1743F5286D29}.Debug|arm64.ActiveCfg = Debug|Any CPU
		{35C566DE-400C-4847-8600-1743F5286D29}.Debug|arm64.Build.0 = Debug|Any CPU
		{35C566DE-400C-4847-8600-1743F5286D29}.Debug|x64.ActiveCfg = Debug|Any CPU
		{35C566DE-400C-4847-8600-1743F5286D29}.Debug|x64.Build.0 = Debug|Any CPU
		{35C566DE-400C-4847-8600-1743F5286D29}.Debug|x86.ActiveCfg = Debug|Any CPU
		{35C566DE-400C-4847-8600-1743F5286D29}.Debug|x86.Build.0 = Debug|Any CPU
		{35C566DE-400C-4847-8600-1743F5286D29}.Release|Any CPU.ActiveCfg = Release|Any CPU
		{35C566DE-400C-4847-8600-1743F5286D29}.Release|Any CPU.Build.0 = Release|Any CPU
		{35C566DE-400C-4847-8600-1743F5286D29}.Release|arm64.ActiveCfg = Release|Any CPU
		{35C566DE-400C-4847-8600-1743F5286D29}.Release|arm64.Build.0 = Release|Any CPU
		{35C566DE-400C-4847-8600-1743F5286D29}.Release|x64.ActiveCfg = Release|Any CPU
		{35C566DE-400C-4847-8600-1743F5286D29}.Release|x64.Build.0 = Release|Any CPU
		{35C566DE-400C-4847-8600-1743F5286D29}.Release|x86.ActiveCfg = Release|Any CPU
		{35C566DE-400C-4847-8600-1743F5286D29}.Release|x86.Build.0 = Release|Any CPU
		{053095EA-7603-488D-AE2E-792B12E8D64C}.Debug|Any CPU.ActiveCfg = Debug|Any CPU
		{053095EA-7603-488D-AE2E-792B12E8D64C}.Debug|Any CPU.Build.0 = Debug|Any CPU
		{053095EA-7603-488D-AE2E-792B12E8D64C}.Debug|arm64.ActiveCfg = Debug|Any CPU
		{053095EA-7603-488D-AE2E-792B12E8D64C}.Debug|arm64.Build.0 = Debug|Any CPU
		{053095EA-7603-488D-AE2E-792B12E8D64C}.Debug|x64.ActiveCfg = Debug|Any CPU
		{053095EA-7603-488D-AE2E-792B12E8D64C}.Debug|x64.Build.0 = Debug|Any CPU
		{053095EA-7603-488D-AE2E-792B12E8D64C}.Debug|x86.ActiveCfg = Debug|Any CPU
		{053095EA-7603-488D-AE2E-792B12E8D64C}.Debug|x86.Build.0 = Debug|Any CPU
		{053095EA-7603-488D-AE2E-792B12E8D64C}.Release|Any CPU.ActiveCfg = Release|Any CPU
		{053095EA-7603-488D-AE2E-792B12E8D64C}.Release|Any CPU.Build.0 = Release|Any CPU
		{053095EA-7603-488D-AE2E-792B12E8D64C}.Release|arm64.ActiveCfg = Release|Any CPU
		{053095EA-7603-488D-AE2E-792B12E8D64C}.Release|arm64.Build.0 = Release|Any CPU
		{053095EA-7603-488D-AE2E-792B12E8D64C}.Release|x64.ActiveCfg = Release|Any CPU
		{053095EA-7603-488D-AE2E-792B12E8D64C}.Release|x64.Build.0 = Release|Any CPU
		{053095EA-7603-488D-AE2E-792B12E8D64C}.Release|x86.ActiveCfg = Release|Any CPU
		{053095EA-7603-488D-AE2E-792B12E8D64C}.Release|x86.Build.0 = Release|Any CPU
		{C3418006-D16B-4F4B-A4D8-1BFF0FDEE539}.Debug|Any CPU.ActiveCfg = Debug|Any CPU
		{C3418006-D16B-4F4B-A4D8-1BFF0FDEE539}.Debug|Any CPU.Build.0 = Debug|Any CPU
		{C3418006-D16B-4F4B-A4D8-1BFF0FDEE539}.Debug|arm64.ActiveCfg = Debug|Any CPU
		{C3418006-D16B-4F4B-A4D8-1BFF0FDEE539}.Debug|arm64.Build.0 = Debug|Any CPU
		{C3418006-D16B-4F4B-A4D8-1BFF0FDEE539}.Debug|x64.ActiveCfg = Debug|Any CPU
		{C3418006-D16B-4F4B-A4D8-1BFF0FDEE539}.Debug|x64.Build.0 = Debug|Any CPU
		{C3418006-D16B-4F4B-A4D8-1BFF0FDEE539}.Debug|x86.ActiveCfg = Debug|Any CPU
		{C3418006-D16B-4F4B-A4D8-1BFF0FDEE539}.Debug|x86.Build.0 = Debug|Any CPU
		{C3418006-D16B-4F4B-A4D8-1BFF0FDEE539}.Release|Any CPU.ActiveCfg = Release|Any CPU
		{C3418006-D16B-4F4B-A4D8-1BFF0FDEE539}.Release|Any CPU.Build.0 = Release|Any CPU
		{C3418006-D16B-4F4B-A4D8-1BFF0FDEE539}.Release|arm64.ActiveCfg = Release|Any CPU
		{C3418006-D16B-4F4B-A4D8-1BFF0FDEE539}.Release|arm64.Build.0 = Release|Any CPU
		{C3418006-D16B-4F4B-A4D8-1BFF0FDEE539}.Release|x64.ActiveCfg = Release|Any CPU
		{C3418006-D16B-4F4B-A4D8-1BFF0FDEE539}.Release|x64.Build.0 = Release|Any CPU
		{C3418006-D16B-4F4B-A4D8-1BFF0FDEE539}.Release|x86.ActiveCfg = Release|Any CPU
		{C3418006-D16B-4F4B-A4D8-1BFF0FDEE539}.Release|x86.Build.0 = Release|Any CPU
		{CF6BAD45-68B3-48CA-BDD0-AF06F0FEF1F1}.Debug|Any CPU.ActiveCfg = Debug|Any CPU
		{CF6BAD45-68B3-48CA-BDD0-AF06F0FEF1F1}.Debug|Any CPU.Build.0 = Debug|Any CPU
		{CF6BAD45-68B3-48CA-BDD0-AF06F0FEF1F1}.Debug|arm64.ActiveCfg = Debug|Any CPU
		{CF6BAD45-68B3-48CA-BDD0-AF06F0FEF1F1}.Debug|arm64.Build.0 = Debug|Any CPU
		{CF6BAD45-68B3-48CA-BDD0-AF06F0FEF1F1}.Debug|x64.ActiveCfg = Debug|Any CPU
		{CF6BAD45-68B3-48CA-BDD0-AF06F0FEF1F1}.Debug|x64.Build.0 = Debug|Any CPU
		{CF6BAD45-68B3-48CA-BDD0-AF06F0FEF1F1}.Debug|x86.ActiveCfg = Debug|Any CPU
		{CF6BAD45-68B3-48CA-BDD0-AF06F0FEF1F1}.Debug|x86.Build.0 = Debug|Any CPU
		{CF6BAD45-68B3-48CA-BDD0-AF06F0FEF1F1}.Release|Any CPU.ActiveCfg = Release|Any CPU
		{CF6BAD45-68B3-48CA-BDD0-AF06F0FEF1F1}.Release|Any CPU.Build.0 = Release|Any CPU
		{CF6BAD45-68B3-48CA-BDD0-AF06F0FEF1F1}.Release|arm64.ActiveCfg = Release|Any CPU
		{CF6BAD45-68B3-48CA-BDD0-AF06F0FEF1F1}.Release|arm64.Build.0 = Release|Any CPU
		{CF6BAD45-68B3-48CA-BDD0-AF06F0FEF1F1}.Release|x64.ActiveCfg = Release|Any CPU
		{CF6BAD45-68B3-48CA-BDD0-AF06F0FEF1F1}.Release|x64.Build.0 = Release|Any CPU
		{CF6BAD45-68B3-48CA-BDD0-AF06F0FEF1F1}.Release|x86.ActiveCfg = Release|Any CPU
		{CF6BAD45-68B3-48CA-BDD0-AF06F0FEF1F1}.Release|x86.Build.0 = Release|Any CPU
		{B60647FA-17F7-403C-9C9B-F43CBC9CDE07}.Debug|Any CPU.ActiveCfg = Debug|Any CPU
		{B60647FA-17F7-403C-9C9B-F43CBC9CDE07}.Debug|Any CPU.Build.0 = Debug|Any CPU
		{B60647FA-17F7-403C-9C9B-F43CBC9CDE07}.Debug|arm64.ActiveCfg = Debug|Any CPU
		{B60647FA-17F7-403C-9C9B-F43CBC9CDE07}.Debug|arm64.Build.0 = Debug|Any CPU
		{B60647FA-17F7-403C-9C9B-F43CBC9CDE07}.Debug|x64.ActiveCfg = Debug|Any CPU
		{B60647FA-17F7-403C-9C9B-F43CBC9CDE07}.Debug|x64.Build.0 = Debug|Any CPU
		{B60647FA-17F7-403C-9C9B-F43CBC9CDE07}.Debug|x86.ActiveCfg = Debug|Any CPU
		{B60647FA-17F7-403C-9C9B-F43CBC9CDE07}.Debug|x86.Build.0 = Debug|Any CPU
		{B60647FA-17F7-403C-9C9B-F43CBC9CDE07}.Release|Any CPU.ActiveCfg = Release|Any CPU
		{B60647FA-17F7-403C-9C9B-F43CBC9CDE07}.Release|Any CPU.Build.0 = Release|Any CPU
		{B60647FA-17F7-403C-9C9B-F43CBC9CDE07}.Release|arm64.ActiveCfg = Release|Any CPU
		{B60647FA-17F7-403C-9C9B-F43CBC9CDE07}.Release|arm64.Build.0 = Release|Any CPU
		{B60647FA-17F7-403C-9C9B-F43CBC9CDE07}.Release|x64.ActiveCfg = Release|Any CPU
		{B60647FA-17F7-403C-9C9B-F43CBC9CDE07}.Release|x64.Build.0 = Release|Any CPU
		{B60647FA-17F7-403C-9C9B-F43CBC9CDE07}.Release|x86.ActiveCfg = Release|Any CPU
		{B60647FA-17F7-403C-9C9B-F43CBC9CDE07}.Release|x86.Build.0 = Release|Any CPU
		{4305BE02-5CAA-44D5-B305-0941896AFAF8}.Debug|Any CPU.ActiveCfg = Debug|Any CPU
		{4305BE02-5CAA-44D5-B305-0941896AFAF8}.Debug|Any CPU.Build.0 = Debug|Any CPU
		{4305BE02-5CAA-44D5-B305-0941896AFAF8}.Debug|arm64.ActiveCfg = Debug|Any CPU
		{4305BE02-5CAA-44D5-B305-0941896AFAF8}.Debug|arm64.Build.0 = Debug|Any CPU
		{4305BE02-5CAA-44D5-B305-0941896AFAF8}.Debug|x64.ActiveCfg = Debug|Any CPU
		{4305BE02-5CAA-44D5-B305-0941896AFAF8}.Debug|x64.Build.0 = Debug|Any CPU
		{4305BE02-5CAA-44D5-B305-0941896AFAF8}.Debug|x86.ActiveCfg = Debug|Any CPU
		{4305BE02-5CAA-44D5-B305-0941896AFAF8}.Debug|x86.Build.0 = Debug|Any CPU
		{4305BE02-5CAA-44D5-B305-0941896AFAF8}.Release|Any CPU.ActiveCfg = Release|Any CPU
		{4305BE02-5CAA-44D5-B305-0941896AFAF8}.Release|Any CPU.Build.0 = Release|Any CPU
		{4305BE02-5CAA-44D5-B305-0941896AFAF8}.Release|arm64.ActiveCfg = Release|Any CPU
		{4305BE02-5CAA-44D5-B305-0941896AFAF8}.Release|arm64.Build.0 = Release|Any CPU
		{4305BE02-5CAA-44D5-B305-0941896AFAF8}.Release|x64.ActiveCfg = Release|Any CPU
		{4305BE02-5CAA-44D5-B305-0941896AFAF8}.Release|x64.Build.0 = Release|Any CPU
		{4305BE02-5CAA-44D5-B305-0941896AFAF8}.Release|x86.ActiveCfg = Release|Any CPU
		{4305BE02-5CAA-44D5-B305-0941896AFAF8}.Release|x86.Build.0 = Release|Any CPU
		{25BCEB6E-A717-42F9-A09A-C5D6887999BF}.Debug|Any CPU.ActiveCfg = Debug|Any CPU
		{25BCEB6E-A717-42F9-A09A-C5D6887999BF}.Debug|Any CPU.Build.0 = Debug|Any CPU
		{25BCEB6E-A717-42F9-A09A-C5D6887999BF}.Debug|arm64.ActiveCfg = Debug|Any CPU
		{25BCEB6E-A717-42F9-A09A-C5D6887999BF}.Debug|arm64.Build.0 = Debug|Any CPU
		{25BCEB6E-A717-42F9-A09A-C5D6887999BF}.Debug|x64.ActiveCfg = Debug|Any CPU
		{25BCEB6E-A717-42F9-A09A-C5D6887999BF}.Debug|x64.Build.0 = Debug|Any CPU
		{25BCEB6E-A717-42F9-A09A-C5D6887999BF}.Debug|x86.ActiveCfg = Debug|Any CPU
		{25BCEB6E-A717-42F9-A09A-C5D6887999BF}.Debug|x86.Build.0 = Debug|Any CPU
		{25BCEB6E-A717-42F9-A09A-C5D6887999BF}.Release|Any CPU.ActiveCfg = Release|Any CPU
		{25BCEB6E-A717-42F9-A09A-C5D6887999BF}.Release|Any CPU.Build.0 = Release|Any CPU
		{25BCEB6E-A717-42F9-A09A-C5D6887999BF}.Release|arm64.ActiveCfg = Release|Any CPU
		{25BCEB6E-A717-42F9-A09A-C5D6887999BF}.Release|arm64.Build.0 = Release|Any CPU
		{25BCEB6E-A717-42F9-A09A-C5D6887999BF}.Release|x64.ActiveCfg = Release|Any CPU
		{25BCEB6E-A717-42F9-A09A-C5D6887999BF}.Release|x64.Build.0 = Release|Any CPU
		{25BCEB6E-A717-42F9-A09A-C5D6887999BF}.Release|x86.ActiveCfg = Release|Any CPU
		{25BCEB6E-A717-42F9-A09A-C5D6887999BF}.Release|x86.Build.0 = Release|Any CPU
		{3EC0046A-596D-4C78-ABD9-C2FE66308579}.Debug|Any CPU.ActiveCfg = Debug|Any CPU
		{3EC0046A-596D-4C78-ABD9-C2FE66308579}.Debug|Any CPU.Build.0 = Debug|Any CPU
		{3EC0046A-596D-4C78-ABD9-C2FE66308579}.Debug|arm64.ActiveCfg = Debug|Any CPU
		{3EC0046A-596D-4C78-ABD9-C2FE66308579}.Debug|arm64.Build.0 = Debug|Any CPU
		{3EC0046A-596D-4C78-ABD9-C2FE66308579}.Debug|x64.ActiveCfg = Debug|Any CPU
		{3EC0046A-596D-4C78-ABD9-C2FE66308579}.Debug|x64.Build.0 = Debug|Any CPU
		{3EC0046A-596D-4C78-ABD9-C2FE66308579}.Debug|x86.ActiveCfg = Debug|Any CPU
		{3EC0046A-596D-4C78-ABD9-C2FE66308579}.Debug|x86.Build.0 = Debug|Any CPU
		{3EC0046A-596D-4C78-ABD9-C2FE66308579}.Release|Any CPU.ActiveCfg = Release|Any CPU
		{3EC0046A-596D-4C78-ABD9-C2FE66308579}.Release|Any CPU.Build.0 = Release|Any CPU
		{3EC0046A-596D-4C78-ABD9-C2FE66308579}.Release|arm64.ActiveCfg = Release|Any CPU
		{3EC0046A-596D-4C78-ABD9-C2FE66308579}.Release|arm64.Build.0 = Release|Any CPU
		{3EC0046A-596D-4C78-ABD9-C2FE66308579}.Release|x64.ActiveCfg = Release|Any CPU
		{3EC0046A-596D-4C78-ABD9-C2FE66308579}.Release|x64.Build.0 = Release|Any CPU
		{3EC0046A-596D-4C78-ABD9-C2FE66308579}.Release|x86.ActiveCfg = Release|Any CPU
		{3EC0046A-596D-4C78-ABD9-C2FE66308579}.Release|x86.Build.0 = Release|Any CPU
		{2861F41A-FEEE-4C62-8653-7598F7607797}.Debug|Any CPU.ActiveCfg = Debug|Any CPU
		{2861F41A-FEEE-4C62-8653-7598F7607797}.Debug|Any CPU.Build.0 = Debug|Any CPU
		{2861F41A-FEEE-4C62-8653-7598F7607797}.Debug|arm64.ActiveCfg = Debug|Any CPU
		{2861F41A-FEEE-4C62-8653-7598F7607797}.Debug|arm64.Build.0 = Debug|Any CPU
		{2861F41A-FEEE-4C62-8653-7598F7607797}.Debug|x64.ActiveCfg = Debug|Any CPU
		{2861F41A-FEEE-4C62-8653-7598F7607797}.Debug|x64.Build.0 = Debug|Any CPU
		{2861F41A-FEEE-4C62-8653-7598F7607797}.Debug|x86.ActiveCfg = Debug|Any CPU
		{2861F41A-FEEE-4C62-8653-7598F7607797}.Debug|x86.Build.0 = Debug|Any CPU
		{2861F41A-FEEE-4C62-8653-7598F7607797}.Release|Any CPU.ActiveCfg = Release|Any CPU
		{2861F41A-FEEE-4C62-8653-7598F7607797}.Release|Any CPU.Build.0 = Release|Any CPU
		{2861F41A-FEEE-4C62-8653-7598F7607797}.Release|arm64.ActiveCfg = Release|Any CPU
		{2861F41A-FEEE-4C62-8653-7598F7607797}.Release|arm64.Build.0 = Release|Any CPU
		{2861F41A-FEEE-4C62-8653-7598F7607797}.Release|x64.ActiveCfg = Release|Any CPU
		{2861F41A-FEEE-4C62-8653-7598F7607797}.Release|x64.Build.0 = Release|Any CPU
		{2861F41A-FEEE-4C62-8653-7598F7607797}.Release|x86.ActiveCfg = Release|Any CPU
		{2861F41A-FEEE-4C62-8653-7598F7607797}.Release|x86.Build.0 = Release|Any CPU
		{FA983EF7-AC14-4588-BB94-93BBE4E8C878}.Debug|Any CPU.ActiveCfg = Debug|Any CPU
		{FA983EF7-AC14-4588-BB94-93BBE4E8C878}.Debug|Any CPU.Build.0 = Debug|Any CPU
		{FA983EF7-AC14-4588-BB94-93BBE4E8C878}.Debug|arm64.ActiveCfg = Debug|Any CPU
		{FA983EF7-AC14-4588-BB94-93BBE4E8C878}.Debug|arm64.Build.0 = Debug|Any CPU
		{FA983EF7-AC14-4588-BB94-93BBE4E8C878}.Debug|x64.ActiveCfg = Debug|Any CPU
		{FA983EF7-AC14-4588-BB94-93BBE4E8C878}.Debug|x64.Build.0 = Debug|Any CPU
		{FA983EF7-AC14-4588-BB94-93BBE4E8C878}.Debug|x86.ActiveCfg = Debug|Any CPU
		{FA983EF7-AC14-4588-BB94-93BBE4E8C878}.Debug|x86.Build.0 = Debug|Any CPU
		{FA983EF7-AC14-4588-BB94-93BBE4E8C878}.Release|Any CPU.ActiveCfg = Release|Any CPU
		{FA983EF7-AC14-4588-BB94-93BBE4E8C878}.Release|Any CPU.Build.0 = Release|Any CPU
		{FA983EF7-AC14-4588-BB94-93BBE4E8C878}.Release|arm64.ActiveCfg = Release|Any CPU
		{FA983EF7-AC14-4588-BB94-93BBE4E8C878}.Release|arm64.Build.0 = Release|Any CPU
		{FA983EF7-AC14-4588-BB94-93BBE4E8C878}.Release|x64.ActiveCfg = Release|Any CPU
		{FA983EF7-AC14-4588-BB94-93BBE4E8C878}.Release|x64.Build.0 = Release|Any CPU
		{FA983EF7-AC14-4588-BB94-93BBE4E8C878}.Release|x86.ActiveCfg = Release|Any CPU
		{FA983EF7-AC14-4588-BB94-93BBE4E8C878}.Release|x86.Build.0 = Release|Any CPU
		{59487848-9876-4682-B814-D0A1423B8363}.Debug|Any CPU.ActiveCfg = Debug|Any CPU
		{59487848-9876-4682-B814-D0A1423B8363}.Debug|Any CPU.Build.0 = Debug|Any CPU
		{59487848-9876-4682-B814-D0A1423B8363}.Debug|arm64.ActiveCfg = Debug|Any CPU
		{59487848-9876-4682-B814-D0A1423B8363}.Debug|arm64.Build.0 = Debug|Any CPU
		{59487848-9876-4682-B814-D0A1423B8363}.Debug|x64.ActiveCfg = Debug|Any CPU
		{59487848-9876-4682-B814-D0A1423B8363}.Debug|x64.Build.0 = Debug|Any CPU
		{59487848-9876-4682-B814-D0A1423B8363}.Debug|x86.ActiveCfg = Debug|Any CPU
		{59487848-9876-4682-B814-D0A1423B8363}.Debug|x86.Build.0 = Debug|Any CPU
		{59487848-9876-4682-B814-D0A1423B8363}.Release|Any CPU.ActiveCfg = Release|Any CPU
		{59487848-9876-4682-B814-D0A1423B8363}.Release|Any CPU.Build.0 = Release|Any CPU
		{59487848-9876-4682-B814-D0A1423B8363}.Release|arm64.ActiveCfg = Release|Any CPU
		{59487848-9876-4682-B814-D0A1423B8363}.Release|arm64.Build.0 = Release|Any CPU
		{59487848-9876-4682-B814-D0A1423B8363}.Release|x64.ActiveCfg = Release|Any CPU
		{59487848-9876-4682-B814-D0A1423B8363}.Release|x64.Build.0 = Release|Any CPU
		{59487848-9876-4682-B814-D0A1423B8363}.Release|x86.ActiveCfg = Release|Any CPU
		{59487848-9876-4682-B814-D0A1423B8363}.Release|x86.Build.0 = Release|Any CPU
		{412A0CDC-8F28-4698-9532-E8E5C83184C3}.Debug|Any CPU.ActiveCfg = Debug|Any CPU
		{412A0CDC-8F28-4698-9532-E8E5C83184C3}.Debug|Any CPU.Build.0 = Debug|Any CPU
		{412A0CDC-8F28-4698-9532-E8E5C83184C3}.Debug|arm64.ActiveCfg = Debug|Any CPU
		{412A0CDC-8F28-4698-9532-E8E5C83184C3}.Debug|arm64.Build.0 = Debug|Any CPU
		{412A0CDC-8F28-4698-9532-E8E5C83184C3}.Debug|x64.ActiveCfg = Debug|Any CPU
		{412A0CDC-8F28-4698-9532-E8E5C83184C3}.Debug|x64.Build.0 = Debug|Any CPU
		{412A0CDC-8F28-4698-9532-E8E5C83184C3}.Debug|x86.ActiveCfg = Debug|Any CPU
		{412A0CDC-8F28-4698-9532-E8E5C83184C3}.Debug|x86.Build.0 = Debug|Any CPU
		{412A0CDC-8F28-4698-9532-E8E5C83184C3}.Release|Any CPU.ActiveCfg = Release|Any CPU
		{412A0CDC-8F28-4698-9532-E8E5C83184C3}.Release|Any CPU.Build.0 = Release|Any CPU
		{412A0CDC-8F28-4698-9532-E8E5C83184C3}.Release|arm64.ActiveCfg = Release|Any CPU
		{412A0CDC-8F28-4698-9532-E8E5C83184C3}.Release|arm64.Build.0 = Release|Any CPU
		{412A0CDC-8F28-4698-9532-E8E5C83184C3}.Release|x64.ActiveCfg = Release|Any CPU
		{412A0CDC-8F28-4698-9532-E8E5C83184C3}.Release|x64.Build.0 = Release|Any CPU
		{412A0CDC-8F28-4698-9532-E8E5C83184C3}.Release|x86.ActiveCfg = Release|Any CPU
		{412A0CDC-8F28-4698-9532-E8E5C83184C3}.Release|x86.Build.0 = Release|Any CPU
		{2D0FC220-14EB-4285-B071-DFB3A2D0CA7F}.Debug|Any CPU.ActiveCfg = Debug|Any CPU
		{2D0FC220-14EB-4285-B071-DFB3A2D0CA7F}.Debug|Any CPU.Build.0 = Debug|Any CPU
		{2D0FC220-14EB-4285-B071-DFB3A2D0CA7F}.Debug|arm64.ActiveCfg = Debug|Any CPU
		{2D0FC220-14EB-4285-B071-DFB3A2D0CA7F}.Debug|arm64.Build.0 = Debug|Any CPU
		{2D0FC220-14EB-4285-B071-DFB3A2D0CA7F}.Debug|x64.ActiveCfg = Debug|Any CPU
		{2D0FC220-14EB-4285-B071-DFB3A2D0CA7F}.Debug|x64.Build.0 = Debug|Any CPU
		{2D0FC220-14EB-4285-B071-DFB3A2D0CA7F}.Debug|x86.ActiveCfg = Debug|Any CPU
		{2D0FC220-14EB-4285-B071-DFB3A2D0CA7F}.Debug|x86.Build.0 = Debug|Any CPU
		{2D0FC220-14EB-4285-B071-DFB3A2D0CA7F}.Release|Any CPU.ActiveCfg = Release|Any CPU
		{2D0FC220-14EB-4285-B071-DFB3A2D0CA7F}.Release|Any CPU.Build.0 = Release|Any CPU
		{2D0FC220-14EB-4285-B071-DFB3A2D0CA7F}.Release|arm64.ActiveCfg = Release|Any CPU
		{2D0FC220-14EB-4285-B071-DFB3A2D0CA7F}.Release|arm64.Build.0 = Release|Any CPU
		{2D0FC220-14EB-4285-B071-DFB3A2D0CA7F}.Release|x64.ActiveCfg = Release|Any CPU
		{2D0FC220-14EB-4285-B071-DFB3A2D0CA7F}.Release|x64.Build.0 = Release|Any CPU
		{2D0FC220-14EB-4285-B071-DFB3A2D0CA7F}.Release|x86.ActiveCfg = Release|Any CPU
		{2D0FC220-14EB-4285-B071-DFB3A2D0CA7F}.Release|x86.Build.0 = Release|Any CPU
		{B26DF336-01A1-4523-8C0D-847DF922B4EE}.Debug|Any CPU.ActiveCfg = Debug|Any CPU
		{B26DF336-01A1-4523-8C0D-847DF922B4EE}.Debug|Any CPU.Build.0 = Debug|Any CPU
		{B26DF336-01A1-4523-8C0D-847DF922B4EE}.Debug|arm64.ActiveCfg = Debug|Any CPU
		{B26DF336-01A1-4523-8C0D-847DF922B4EE}.Debug|arm64.Build.0 = Debug|Any CPU
		{B26DF336-01A1-4523-8C0D-847DF922B4EE}.Debug|x64.ActiveCfg = Debug|Any CPU
		{B26DF336-01A1-4523-8C0D-847DF922B4EE}.Debug|x64.Build.0 = Debug|Any CPU
		{B26DF336-01A1-4523-8C0D-847DF922B4EE}.Debug|x86.ActiveCfg = Debug|Any CPU
		{B26DF336-01A1-4523-8C0D-847DF922B4EE}.Debug|x86.Build.0 = Debug|Any CPU
		{B26DF336-01A1-4523-8C0D-847DF922B4EE}.Release|Any CPU.ActiveCfg = Release|Any CPU
		{B26DF336-01A1-4523-8C0D-847DF922B4EE}.Release|Any CPU.Build.0 = Release|Any CPU
		{B26DF336-01A1-4523-8C0D-847DF922B4EE}.Release|arm64.ActiveCfg = Release|Any CPU
		{B26DF336-01A1-4523-8C0D-847DF922B4EE}.Release|arm64.Build.0 = Release|Any CPU
		{B26DF336-01A1-4523-8C0D-847DF922B4EE}.Release|x64.ActiveCfg = Release|Any CPU
		{B26DF336-01A1-4523-8C0D-847DF922B4EE}.Release|x64.Build.0 = Release|Any CPU
		{B26DF336-01A1-4523-8C0D-847DF922B4EE}.Release|x86.ActiveCfg = Release|Any CPU
		{B26DF336-01A1-4523-8C0D-847DF922B4EE}.Release|x86.Build.0 = Release|Any CPU
		{1AE074DE-B099-4BB1-88B5-636265F4BBEE}.Debug|Any CPU.ActiveCfg = Debug|Any CPU
		{1AE074DE-B099-4BB1-88B5-636265F4BBEE}.Debug|Any CPU.Build.0 = Debug|Any CPU
		{1AE074DE-B099-4BB1-88B5-636265F4BBEE}.Debug|arm64.ActiveCfg = Debug|Any CPU
		{1AE074DE-B099-4BB1-88B5-636265F4BBEE}.Debug|arm64.Build.0 = Debug|Any CPU
		{1AE074DE-B099-4BB1-88B5-636265F4BBEE}.Debug|x64.ActiveCfg = Debug|Any CPU
		{1AE074DE-B099-4BB1-88B5-636265F4BBEE}.Debug|x64.Build.0 = Debug|Any CPU
		{1AE074DE-B099-4BB1-88B5-636265F4BBEE}.Debug|x86.ActiveCfg = Debug|Any CPU
		{1AE074DE-B099-4BB1-88B5-636265F4BBEE}.Debug|x86.Build.0 = Debug|Any CPU
		{1AE074DE-B099-4BB1-88B5-636265F4BBEE}.Release|Any CPU.ActiveCfg = Release|Any CPU
		{1AE074DE-B099-4BB1-88B5-636265F4BBEE}.Release|Any CPU.Build.0 = Release|Any CPU
		{1AE074DE-B099-4BB1-88B5-636265F4BBEE}.Release|arm64.ActiveCfg = Release|Any CPU
		{1AE074DE-B099-4BB1-88B5-636265F4BBEE}.Release|arm64.Build.0 = Release|Any CPU
		{1AE074DE-B099-4BB1-88B5-636265F4BBEE}.Release|x64.ActiveCfg = Release|Any CPU
		{1AE074DE-B099-4BB1-88B5-636265F4BBEE}.Release|x64.Build.0 = Release|Any CPU
		{1AE074DE-B099-4BB1-88B5-636265F4BBEE}.Release|x86.ActiveCfg = Release|Any CPU
		{1AE074DE-B099-4BB1-88B5-636265F4BBEE}.Release|x86.Build.0 = Release|Any CPU
		{723AB743-E76C-4546-AA09-E52575E2A034}.Debug|Any CPU.ActiveCfg = Debug|Any CPU
		{723AB743-E76C-4546-AA09-E52575E2A034}.Debug|Any CPU.Build.0 = Debug|Any CPU
		{723AB743-E76C-4546-AA09-E52575E2A034}.Debug|arm64.ActiveCfg = Debug|Any CPU
		{723AB743-E76C-4546-AA09-E52575E2A034}.Debug|arm64.Build.0 = Debug|Any CPU
		{723AB743-E76C-4546-AA09-E52575E2A034}.Debug|x64.ActiveCfg = Debug|Any CPU
		{723AB743-E76C-4546-AA09-E52575E2A034}.Debug|x64.Build.0 = Debug|Any CPU
		{723AB743-E76C-4546-AA09-E52575E2A034}.Debug|x86.ActiveCfg = Debug|Any CPU
		{723AB743-E76C-4546-AA09-E52575E2A034}.Debug|x86.Build.0 = Debug|Any CPU
		{723AB743-E76C-4546-AA09-E52575E2A034}.Release|Any CPU.ActiveCfg = Release|Any CPU
		{723AB743-E76C-4546-AA09-E52575E2A034}.Release|Any CPU.Build.0 = Release|Any CPU
		{723AB743-E76C-4546-AA09-E52575E2A034}.Release|arm64.ActiveCfg = Release|Any CPU
		{723AB743-E76C-4546-AA09-E52575E2A034}.Release|arm64.Build.0 = Release|Any CPU
		{723AB743-E76C-4546-AA09-E52575E2A034}.Release|x64.ActiveCfg = Release|Any CPU
		{723AB743-E76C-4546-AA09-E52575E2A034}.Release|x64.Build.0 = Release|Any CPU
		{723AB743-E76C-4546-AA09-E52575E2A034}.Release|x86.ActiveCfg = Release|Any CPU
		{723AB743-E76C-4546-AA09-E52575E2A034}.Release|x86.Build.0 = Release|Any CPU
		{D09C2A54-8079-41C8-B2A7-3B022A1675BF}.Debug|Any CPU.ActiveCfg = Debug|Any CPU
		{D09C2A54-8079-41C8-B2A7-3B022A1675BF}.Debug|Any CPU.Build.0 = Debug|Any CPU
		{D09C2A54-8079-41C8-B2A7-3B022A1675BF}.Debug|arm64.ActiveCfg = Debug|Any CPU
		{D09C2A54-8079-41C8-B2A7-3B022A1675BF}.Debug|arm64.Build.0 = Debug|Any CPU
		{D09C2A54-8079-41C8-B2A7-3B022A1675BF}.Debug|x64.ActiveCfg = Debug|Any CPU
		{D09C2A54-8079-41C8-B2A7-3B022A1675BF}.Debug|x64.Build.0 = Debug|Any CPU
		{D09C2A54-8079-41C8-B2A7-3B022A1675BF}.Debug|x86.ActiveCfg = Debug|Any CPU
		{D09C2A54-8079-41C8-B2A7-3B022A1675BF}.Debug|x86.Build.0 = Debug|Any CPU
		{D09C2A54-8079-41C8-B2A7-3B022A1675BF}.Release|Any CPU.ActiveCfg = Release|Any CPU
		{D09C2A54-8079-41C8-B2A7-3B022A1675BF}.Release|Any CPU.Build.0 = Release|Any CPU
		{D09C2A54-8079-41C8-B2A7-3B022A1675BF}.Release|arm64.ActiveCfg = Release|Any CPU
		{D09C2A54-8079-41C8-B2A7-3B022A1675BF}.Release|arm64.Build.0 = Release|Any CPU
		{D09C2A54-8079-41C8-B2A7-3B022A1675BF}.Release|x64.ActiveCfg = Release|Any CPU
		{D09C2A54-8079-41C8-B2A7-3B022A1675BF}.Release|x64.Build.0 = Release|Any CPU
		{D09C2A54-8079-41C8-B2A7-3B022A1675BF}.Release|x86.ActiveCfg = Release|Any CPU
		{D09C2A54-8079-41C8-B2A7-3B022A1675BF}.Release|x86.Build.0 = Release|Any CPU
		{3B2D131C-38F9-4648-9999-C5E86206E445}.Debug|Any CPU.ActiveCfg = Debug|Any CPU
		{3B2D131C-38F9-4648-9999-C5E86206E445}.Debug|Any CPU.Build.0 = Debug|Any CPU
		{3B2D131C-38F9-4648-9999-C5E86206E445}.Debug|arm64.ActiveCfg = Debug|Any CPU
		{3B2D131C-38F9-4648-9999-C5E86206E445}.Debug|arm64.Build.0 = Debug|Any CPU
		{3B2D131C-38F9-4648-9999-C5E86206E445}.Debug|x64.ActiveCfg = Debug|Any CPU
		{3B2D131C-38F9-4648-9999-C5E86206E445}.Debug|x64.Build.0 = Debug|Any CPU
		{3B2D131C-38F9-4648-9999-C5E86206E445}.Debug|x86.ActiveCfg = Debug|Any CPU
		{3B2D131C-38F9-4648-9999-C5E86206E445}.Debug|x86.Build.0 = Debug|Any CPU
		{3B2D131C-38F9-4648-9999-C5E86206E445}.Release|Any CPU.ActiveCfg = Release|Any CPU
		{3B2D131C-38F9-4648-9999-C5E86206E445}.Release|Any CPU.Build.0 = Release|Any CPU
		{3B2D131C-38F9-4648-9999-C5E86206E445}.Release|arm64.ActiveCfg = Release|Any CPU
		{3B2D131C-38F9-4648-9999-C5E86206E445}.Release|arm64.Build.0 = Release|Any CPU
		{3B2D131C-38F9-4648-9999-C5E86206E445}.Release|x64.ActiveCfg = Release|Any CPU
		{3B2D131C-38F9-4648-9999-C5E86206E445}.Release|x64.Build.0 = Release|Any CPU
		{3B2D131C-38F9-4648-9999-C5E86206E445}.Release|x86.ActiveCfg = Release|Any CPU
		{3B2D131C-38F9-4648-9999-C5E86206E445}.Release|x86.Build.0 = Release|Any CPU
	EndGlobalSection
	GlobalSection(SolutionProperties) = preSolution
		HideSolutionNode = FALSE
	EndGlobalSection
	GlobalSection(NestedProjects) = preSolution
		{594F9BE2-2666-4C53-B37F-23604D7A7F43} = {5B1A43C9-4408-4028-AA8F-651FEC793135}
		{46D7B884-40C7-49F6-9EEB-46E336142CA9} = {E815245D-D501-41D2-B121-274079766292}
		{F29639A8-EDD7-4051-90E4-F3994B30EA5D} = {E815245D-D501-41D2-B121-274079766292}
		{3DFAF55C-CF89-41C0-8366-ADCD405B34F0} = {F29639A8-EDD7-4051-90E4-F3994B30EA5D}
		{E815245D-D501-41D2-B121-274079766292} = {5B1A43C9-4408-4028-AA8F-651FEC793135}
		{AE8CAE07-31F0-455E-8BF3-97C8B55719C3} = {E815245D-D501-41D2-B121-274079766292}
		{6947EECD-DDE9-4920-9D5D-AEF277FFFCBA} = {3DFAF55C-CF89-41C0-8366-ADCD405B34F0}
		{F2F80D11-8E4E-408A-B22E-E6402E06CDE7} = {3DFAF55C-CF89-41C0-8366-ADCD405B34F0}
		{3383C0D4-01D7-465E-9F67-FBDC03D8B143} = {AE8CAE07-31F0-455E-8BF3-97C8B55719C3}
		{ED964EC6-6AE1-443A-BD6C-51D47C2FBC56} = {AE8CAE07-31F0-455E-8BF3-97C8B55719C3}
		{A945F8D4-3724-40CE-B428-4D7007F6395D} = {46D7B884-40C7-49F6-9EEB-46E336142CA9}
		{399564B8-146C-4320-87A8-0B6A1F94F479} = {594F9BE2-2666-4C53-B37F-23604D7A7F43}
		{462F4FD2-AE40-4585-B9B9-91191F077B61} = {5B1A43C9-4408-4028-AA8F-651FEC793135}
		{599044F1-638D-48F9-BAB5-8AA0F2A4154C} = {462F4FD2-AE40-4585-B9B9-91191F077B61}
		{2D2B3711-7997-4186-953E-489A05B21149} = {599044F1-638D-48F9-BAB5-8AA0F2A4154C}
		{7BDB237D-E5B2-43F3-B26E-951D0E3B9246} = {599044F1-638D-48F9-BAB5-8AA0F2A4154C}
		{C13D0669-42DA-4C80-9772-47AE630DA9C3} = {599044F1-638D-48F9-BAB5-8AA0F2A4154C}
		{F0CC41B5-17A2-4BF1-8AAC-89ED29BD834F} = {599044F1-638D-48F9-BAB5-8AA0F2A4154C}
		{54D958DF-58D3-4D4F-93B9-8BF4EFFDBA90} = {599044F1-638D-48F9-BAB5-8AA0F2A4154C}
		{04063AAA-A0F3-40C6-8FE6-BAFDA391CAC6} = {599044F1-638D-48F9-BAB5-8AA0F2A4154C}
		{8140E2BF-839C-419E-A3CF-1E92F3392090} = {599044F1-638D-48F9-BAB5-8AA0F2A4154C}
		{07A25A24-80DF-4148-A5D1-1F886650E86A} = {599044F1-638D-48F9-BAB5-8AA0F2A4154C}
		{35C566DE-400C-4847-8600-1743F5286D29} = {599044F1-638D-48F9-BAB5-8AA0F2A4154C}
		{053095EA-7603-488D-AE2E-792B12E8D64C} = {599044F1-638D-48F9-BAB5-8AA0F2A4154C}
		{C3418006-D16B-4F4B-A4D8-1BFF0FDEE539} = {599044F1-638D-48F9-BAB5-8AA0F2A4154C}
		{CF6BAD45-68B3-48CA-BDD0-AF06F0FEF1F1} = {599044F1-638D-48F9-BAB5-8AA0F2A4154C}
		{B60647FA-17F7-403C-9C9B-F43CBC9CDE07} = {599044F1-638D-48F9-BAB5-8AA0F2A4154C}
		{4305BE02-5CAA-44D5-B305-0941896AFAF8} = {599044F1-638D-48F9-BAB5-8AA0F2A4154C}
		{25BCEB6E-A717-42F9-A09A-C5D6887999BF} = {599044F1-638D-48F9-BAB5-8AA0F2A4154C}
		{3EC0046A-596D-4C78-ABD9-C2FE66308579} = {599044F1-638D-48F9-BAB5-8AA0F2A4154C}
		{2861F41A-FEEE-4C62-8653-7598F7607797} = {599044F1-638D-48F9-BAB5-8AA0F2A4154C}
		{FA983EF7-AC14-4588-BB94-93BBE4E8C878} = {599044F1-638D-48F9-BAB5-8AA0F2A4154C}
		{59487848-9876-4682-B814-D0A1423B8363} = {599044F1-638D-48F9-BAB5-8AA0F2A4154C}
		{412A0CDC-8F28-4698-9532-E8E5C83184C3} = {599044F1-638D-48F9-BAB5-8AA0F2A4154C}
		{2D0FC220-14EB-4285-B071-DFB3A2D0CA7F} = {599044F1-638D-48F9-BAB5-8AA0F2A4154C}
		{B26DF336-01A1-4523-8C0D-847DF922B4EE} = {594F9BE2-2666-4C53-B37F-23604D7A7F43}
		{1AE074DE-B099-4BB1-88B5-636265F4BBEE} = {594F9BE2-2666-4C53-B37F-23604D7A7F43}
		{723AB743-E76C-4546-AA09-E52575E2A034} = {594F9BE2-2666-4C53-B37F-23604D7A7F43}
		{D09C2A54-8079-41C8-B2A7-3B022A1675BF} = {594F9BE2-2666-4C53-B37F-23604D7A7F43}
		{898FA8E1-110E-4257-8297-0B0B2B5E9E5E} = {5B1A43C9-4408-4028-AA8F-651FEC793135}
		{3B2D131C-38F9-4648-9999-C5E86206E445} = {898FA8E1-110E-4257-8297-0B0B2B5E9E5E}
		{991A185B-FF65-4729-A441-02D34F5D2F1B} = {C44FABC1-A33F-49DA-840E-7CD35A697FD0}
		{4D4FF5ED-50F5-44DA-AC7F-2182A8C3115F} = {C44FABC1-A33F-49DA-840E-7CD35A697FD0}
	EndGlobalSection
	GlobalSection(ExtensibilityGlobals) = postSolution
		SolutionGuid = {A6E9BB8A-C390-483E-B203-63E4092FAFB1}
	EndGlobalSection
EndGlobal
